
Microsoft Visual Studio Solution File, Format Version 12.00
Project("{FAE04EC0-301F-11D3-BF4B-00C04F79EFBC}") = "ConsoleNot", "ConsoleNot\ConsoleNot.csproj", "{EB17D4E7-4604-45ED-9D1C-55FAD784FC40}"
EndProject
Global
	GlobalSection(SolutionConfigurationPlatforms) = preSolution
		Debug|Any CPU = Debug|Any CPU
		Release|Any CPU = Release|Any CPU
	EndGlobalSection
	GlobalSection(ProjectConfigurationPlatforms) = postSolution
		{EB17D4E7-4604-45ED-9D1C-55FAD784FC40}.Debug|Any CPU.ActiveCfg = Debug|Any CPU
		{EB17D4E7-4604-45ED-9D1C-55FAD784FC40}.Debug|Any CPU.Build.0 = Debug|Any CPU
		{EB17D4E7-4604-45ED-9D1C-55FAD784FC40}.Release|Any CPU.ActiveCfg = Release|Any CPU
		{EB17D4E7-4604-45ED-9D1C-55FAD784FC40}.Release|Any CPU.Build.0 = Release|Any CPU
	EndGlobalSection
EndGlobal
